
Microsoft Visual Studio Solution File, Format Version 12.00
# Visual Studio Version 17
VisualStudioVersion = 17.5.33103.201
MinimumVisualStudioVersion = 10.0.40219.1
Project("{FAE04EC0-301F-11D3-BF4B-00C04F79EFBC}") = "Rotate", "Rotate\Rotate.csproj", "{D0321BEA-441A-4E91-83D0-B4CE6119B5DA}"
EndProject
Global
	GlobalSection(SolutionConfigurationPlatforms) = preSolution
		Debug|Any CPU = Debug|Any CPU
		Release|Any CPU = Release|Any CPU
	EndGlobalSection
	GlobalSection(ProjectConfigurationPlatforms) = postSolution
		{D0321BEA-441A-4E91-83D0-B4CE6119B5DA}.Debug|Any CPU.ActiveCfg = Debug|Any CPU
		{D0321BEA-441A-4E91-83D0-B4CE6119B5DA}.Debug|Any CPU.Build.0 = Debug|Any CPU
		{D0321BEA-441A-4E91-83D0-B4CE6119B5DA}.Release|Any CPU.ActiveCfg = Release|Any CPU
		{D0321BEA-441A-4E91-83D0-B4CE6119B5DA}.Release|Any CPU.Build.0 = Release|Any CPU
	EndGlobalSection
	GlobalSection(SolutionProperties) = preSolution
		HideSolutionNode = FALSE
	EndGlobalSection
	GlobalSection(ExtensibilityGlobals) = postSolution
		SolutionGuid = {604ED844-A1BB-4FDA-8360-AFE8D4775B3A}
	EndGlobalSection
EndGlobal
